
Microsoft Visual Studio Solution File, Format Version 12.00
# Visual Studio Version 17
VisualStudioVersion = 17.7.34024.191
MinimumVisualStudioVersion = 10.0.40219.1
Project("{FAE04EC0-301F-11D3-BF4B-00C04F79EFBC}") = "ECommerce", "ECommerce\ECommerce.csproj", "{436FF801-3CFC-43C5-8B89-D4B34D341DA6}"
EndProject
Project("{FAE04EC0-301F-11D3-BF4B-00C04F79EFBC}") = "ECommerce.Models", "ECommerce.Models\ECommerce.Models.csproj", "{7B59D8C5-C2FF-4797-B94C-198D3240ACB9}"
EndProject
Project("{FAE04EC0-301F-11D3-BF4B-00C04F79EFBC}") = "ECommerce.Services", "ECommerce.Services\ECommerce.Services.csproj", "{8740623B-7B39-44EA-A7E5-CE230B3A5686}"
EndProject
Global
	GlobalSection(SolutionConfigurationPlatforms) = preSolution
		Debug|Any CPU = Debug|Any CPU
		Release|Any CPU = Release|Any CPU
	EndGlobalSection
	GlobalSection(ProjectConfigurationPlatforms) = postSolution
		{436FF801-3CFC-43C5-8B89-D4B34D341DA6}.Debug|Any CPU.ActiveCfg = Debug|Any CPU
		{436FF801-3CFC-43C5-8B89-D4B34D341DA6}.Debug|Any CPU.Build.0 = Debug|Any CPU
		{436FF801-3CFC-43C5-8B89-D4B34D341DA6}.Release|Any CPU.ActiveCfg = Release|Any CPU
		{436FF801-3CFC-43C5-8B89-D4B34D341DA6}.Release|Any CPU.Build.0 = Release|Any CPU
		{7B59D8C5-C2FF-4797-B94C-198D3240ACB9}.Debug|Any CPU.ActiveCfg = Debug|Any CPU
		{7B59D8C5-C2FF-4797-B94C-198D3240ACB9}.Debug|Any CPU.Build.0 = Debug|Any CPU
		{7B59D8C5-C2FF-4797-B94C-198D3240ACB9}.Release|Any CPU.ActiveCfg = Release|Any CPU
		{7B59D8C5-C2FF-4797-B94C-198D3240ACB9}.Release|Any CPU.Build.0 = Release|Any CPU
		{8740623B-7B39-44EA-A7E5-CE230B3A5686}.Debug|Any CPU.ActiveCfg = Debug|Any CPU
		{8740623B-7B39-44EA-A7E5-CE230B3A5686}.Debug|Any CPU.Build.0 = Debug|Any CPU
		{8740623B-7B39-44EA-A7E5-CE230B3A5686}.Release|Any CPU.ActiveCfg = Release|Any CPU
		{8740623B-7B39-44EA-A7E5-CE230B3A5686}.Release|Any CPU.Build.0 = Release|Any CPU
	EndGlobalSection
	GlobalSection(SolutionProperties) = preSolution
		HideSolutionNode = FALSE
	EndGlobalSection
	GlobalSection(ExtensibilityGlobals) = postSolution
		SolutionGuid = {6E3E5C05-1F14-4E2F-90C4-E10DA1110880}
	EndGlobalSection
EndGlobal
